<?xml version="1.0" encoding="UTF-8" standalone="yes" ?>
<CodeBlocks_project_file>
	<FileVersion major="1" minor="6" />
	<Project>
		<Option title="RNA" />
		<Option pch_mode="2" />
		<Option compiler="gcc" />
		<Build>
			<Target title="Debug">
				<Option output="bin/RNA" prefix_auto="1" extension_auto="1" />
				<Option object_output="obj/Debug/" />
				<Option type="1" />
				<Option compiler="gcc" />
				<Compiler>
					<Add option="-pedantic" />
					<Add option="-Wextra" />
					<Add option="-Wall" />
					<Add option="-std=c++11" />
					<Add option="-g" />
					<Add option="-DDEBUG" />
					<Add option="-DTENSOR_SAFE" />
				</Compiler>
				<Linker>
					<Add library="sfml-graphics-d" />
					<Add library="sfml-window-d" />
					<Add library="sfml-system-d" />
				</Linker>
			</Target>
			<Target title="Release">
				<Option output="bin/RNA" prefix_auto="1" extension_auto="1" />
				<Option object_output="obj/Release/" />
				<Option type="1" />
				<Option compiler="gcc" />
				<Compiler>
					<Add option="-O2" />
					<Add option="-std=c++11" />
				</Compiler>
				<Linker>
					<Add library="sfml-graphics" />
					<Add library="sfml-window" />
					<Add library="sfml-system" />
				</Linker>
			</Target>
		</Build>
		<Compiler>
			<Add option="-fexceptions" />
			<Add directory="C:/Users/Sophie/Libs/SFML-2.4.2/include" />
		</Compiler>
		<Linker>
			<Add library="C:/Windows/System32/OpenCL.dll" />
			<Add directory="C:/Users/Sophie/Libs/SFML-2.4.2/lib" />
		</Linker>
		<Unit filename="res/OpenCL/activations.cl" />
		<Unit filename="res/OpenCL/convolutional.cl" />
		<Unit filename="res/OpenCL/linear.cl" />
		<Unit filename="res/OpenCL/logSoftMax.cl" />
		<Unit filename="res/OpenCL/losses.cl" />
		<Unit filename="res/OpenCL/maxPooling.cl" />
		<Unit filename="res/OpenCL/sgd.cl" />
		<Unit filename="src/Image.cpp" />
		<Unit filename="src/Image.h" />
		<Unit filename="src/Layers/Convolutional.cpp" />
		<Unit filename="src/Layers/Convolutional.h" />
		<Unit filename="src/Layers/Layer.cpp" />
		<Unit filename="src/Layers/Layer.h" />
		<Unit filename="src/Layers/Linear.cpp" />
		<Unit filename="src/Layers/Linear.h" />
		<Unit filename="src/Layers/LogSoftMax.cpp" />
		<Unit filename="src/Layers/LogSoftMax.h" />
		<Unit filename="src/Layers/MaxPooling.cpp" />
		<Unit filename="src/Layers/MaxPooling.h" />
		<Unit filename="src/Layers/Reshape.cpp" />
		<Unit filename="src/Layers/Reshape.h" />
		<Unit filename="src/Layers/activations.cpp" />
		<Unit filename="src/Layers/activations.h" />
		<Unit filename="src/Losses/Loss.cpp" />
		<Unit filename="src/Losses/Loss.h" />
		<Unit filename="src/Losses/MSE.cpp" />
		<Unit filename="src/Losses/MSE.h" />
		<Unit filename="src/Losses/NLL.cpp" />
		<Unit filename="src/Losses/NLL.h" />
		<Unit filename="src/Network.cpp" />
		<Unit filename="src/Network.h" />
		<Unit filename="src/Optimizers/Optimizer.h" />
		<Unit filename="src/Optimizers/RMSProp.h" />
		<Unit filename="src/Optimizers/SGD.h" />
		<Unit filename="src/RNA.h" />
		<Unit filename="src/Supervised.cpp" />
		<Unit filename="src/Supervised.h" />
		<Unit filename="src/Utility/Error.cpp" />
		<Unit filename="src/Utility/Error.h" />
		<Unit filename="src/Utility/Random.cpp" />
		<Unit filename="src/Utility/Random.h" />
		<Unit filename="src/Utility/Tensor.cpp" />
		<Unit filename="src/Utility/Tensor.h" />
		<Unit filename="src/Utility/util.cpp" />
		<Unit filename="src/Utility/util.h" />
		<Unit filename="src/clWrapper.cpp" />
		<Unit filename="src/clWrapper.h" />
		<Unit filename="src/main.cpp" />
		<Extensions>
			<code_completion />
			<envvars />
			<debugger />
			<lib_finder disable_auto="1" />
		</Extensions>
	</Project>
</CodeBlocks_project_file>
