<?xml version="1.0" encoding="UTF-8" standalone="yes" ?>
<CodeBlocks_project_file>
	<FileVersion major="1" minor="6" />
	<Project>
		<Option title="RNA" />
		<Option pch_mode="2" />
		<Option compiler="gcc" />
		<Build>
			<Target title="Debug">
				<Option output="lib/RNA-d" prefix_auto="1" extension_auto="1" />
				<Option working_dir="" />
				<Option object_output="obj/Debug/" />
				<Option type="2" />
				<Option compiler="gcc" />
				<Compiler>
					<Add option="-pedantic" />
					<Add option="-Wextra" />
					<Add option="-Wall" />
					<Add option="-std=c++11" />
					<Add option="-g" />
					<Add option="-DDEBUG" />
					<Add option="-DTENSOR_SAFE" />
				</Compiler>
			</Target>
			<Target title="Release">
				<Option output="lib/RNA" prefix_auto="1" extension_auto="1" />
				<Option working_dir="" />
				<Option object_output="obj/Release/" />
				<Option type="2" />
				<Option compiler="gcc" />
				<Compiler>
					<Add option="-O2" />
					<Add option="-std=c++11" />
				</Compiler>
				<Linker>
					<Add option="-s" />
				</Linker>
			</Target>
			<Target title="ReleaseCL">
				<Option output="lib/RNACL" prefix_auto="1" extension_auto="1" />
				<Option working_dir="" />
				<Option object_output="obj/ReleaseCL" />
				<Option type="2" />
				<Option compiler="gcc" />
				<Compiler>
					<Add option="-O2" />
					<Add option="-DUSE_OPENCL" />
				</Compiler>
				<Linker>
					<Add option="-s" />
				</Linker>
			</Target>
			<Target title="Test">
				<Option output="bin/Test/RNA" prefix_auto="1" extension_auto="1" />
				<Option object_output="obj/Test" />
				<Option type="1" />
				<Option compiler="gcc" />
				<Compiler>
					<Add option="-O2" />
					<Add option="-Wextra" />
					<Add option="-Wall" />
				</Compiler>
				<Linker>
					<Add library="libUtility" />
				</Linker>
			</Target>
			<Target title="TestCL">
				<Option output="bin/TestCL/RNA" prefix_auto="1" extension_auto="1" />
				<Option object_output="obj/TestCL" />
				<Option type="1" />
				<Option compiler="gcc" />
				<Compiler>
					<Add option="-Wextra" />
					<Add option="-Wall" />
					<Add option="-g" />
					<Add option="-DUSE_OPENCL" />
				</Compiler>
				<Linker>
					<Add library="libUtilityCL" />
					<Add library="libOpenCL" />
				</Linker>
			</Target>
		</Build>
		<Compiler>
			<Add option="-fexceptions" />
			<Add directory="dependencies/Utility/include" />
			<Add directory="include" />
		</Compiler>
		<Linker>
			<Add directory="dependencies/Utility/lib" />
		</Linker>
		<Unit filename="include/RNA/Layers/Convolutional.h" />
		<Unit filename="include/RNA/Layers/Dropout.h" />
		<Unit filename="include/RNA/Layers/Layer.h" />
		<Unit filename="include/RNA/Layers/Linear.h" />
		<Unit filename="include/RNA/Layers/LogSoftMax.h" />
		<Unit filename="include/RNA/Layers/MaxPooling.h" />
		<Unit filename="include/RNA/Layers/Reshape.h" />
		<Unit filename="include/RNA/Layers/activations.h" />
		<Unit filename="include/RNA/Losses/Huber.h" />
		<Unit filename="include/RNA/Losses/Loss.h" />
		<Unit filename="include/RNA/Losses/MSE.h" />
		<Unit filename="include/RNA/Losses/NLL.h" />
		<Unit filename="include/RNA/Network.h" />
		<Unit filename="include/RNA/Optimizers/Adam.h" />
		<Unit filename="include/RNA/Optimizers/Optimizer.h" />
		<Unit filename="include/RNA/Optimizers/RMSProp.h" />
		<Unit filename="include/RNA/Optimizers/SGD.h" />
		<Unit filename="include/RNA/RNA.h" />
		<Unit filename="include/RNA/Trainers/QLearning.h" />
		<Unit filename="include/RNA/Trainers/Supervised.h" />
		<Unit filename="src/RNA/Layers/Convolutional.cpp" />
		<Unit filename="src/RNA/Layers/Dropout.cpp" />
		<Unit filename="src/RNA/Layers/Layer.cpp" />
		<Unit filename="src/RNA/Layers/Linear.cpp" />
		<Unit filename="src/RNA/Layers/LogSoftMax.cpp" />
		<Unit filename="src/RNA/Layers/MaxPooling.cpp" />
		<Unit filename="src/RNA/Layers/Reshape.cpp" />
		<Unit filename="src/RNA/Layers/activations.cpp" />
		<Unit filename="src/RNA/Losses/Huber.cpp" />
		<Unit filename="src/RNA/Losses/Loss.cpp" />
		<Unit filename="src/RNA/Losses/MSE.cpp" />
		<Unit filename="src/RNA/Losses/NLL.cpp" />
		<Unit filename="src/RNA/Network.cpp" />
		<Unit filename="src/RNA/Optimizers/Adam.cpp" />
		<Unit filename="src/RNA/Optimizers/Optimizer.cpp" />
		<Unit filename="src/RNA/Optimizers/RMSProp.cpp" />
		<Unit filename="src/RNA/Optimizers/SGD.cpp" />
		<Unit filename="src/RNA/Trainers/QLearning.cpp" />
		<Unit filename="src/RNA/Trainers/Supervised.cpp" />
		<Unit filename="test/MNIST.cpp">
			<Option target="Test" />
			<Option target="TestCL" />
		</Unit>
		<Unit filename="test/MNIST.h">
			<Option target="Test" />
			<Option target="TestCL" />
		</Unit>
		<Unit filename="test/RL.cpp">
			<Option target="Test" />
			<Option target="TestCL" />
		</Unit>
		<Unit filename="test/RL.h">
			<Option target="Test" />
			<Option target="TestCL" />
		</Unit>
		<Unit filename="test/main.cpp">
			<Option target="Test" />
			<Option target="TestCL" />
		</Unit>
		<Extensions>
			<code_completion />
			<envvars />
			<debugger />
			<lib_finder disable_auto="1" />
		</Extensions>
	</Project>
</CodeBlocks_project_file>
